// !$*UTF8*$!
{
	archiveVersion = 1;
	classes = {
	};
	objectVersion = 50;
	objects = {

/* Begin PBXBuildFile section */
		D009540120CAFC3B0084FD97 /* AppDelegate.m in Sources */ = {isa = PBXBuildFile; fileRef = D009540020CAFC3B0084FD97 /* AppDelegate.m */; };
		D009540420CAFC3B0084FD97 /* ViewController.m in Sources */ = {isa = PBXBuildFile; fileRef = D009540320CAFC3B0084FD97 /* ViewController.m */; };
		D009540720CAFC3B0084FD97 /* Main.storyboard in Resources */ = {isa = PBXBuildFile; fileRef = D009540520CAFC3B0084FD97 /* Main.storyboard */; };
		D009540920CAFC3C0084FD97 /* Assets.xcassets in Resources */ = {isa = PBXBuildFile; fileRef = D009540820CAFC3C0084FD97 /* Assets.xcassets */; };
		D009540C20CAFC3C0084FD97 /* LaunchScreen.storyboard in Resources */ = {isa = PBXBuildFile; fileRef = D009540A20CAFC3C0084FD97 /* LaunchScreen.storyboard */; };
		D009540F20CAFC3C0084FD97 /* main.m in Sources */ = {isa = PBXBuildFile; fileRef = D009540E20CAFC3C0084FD97 /* main.m */; };
		D009541720CAFC4D0084FD97 /* SafariServices.framework in Frameworks */ = {isa = PBXBuildFile; fileRef = D009541620CAFC4D0084FD97 /* SafariServices.framework */; };
/* End PBXBuildFile section */

/* Begin PBXFileReference section */
		D00953FC20CAFC3B0084FD97 /* WebViewControllertest.app */ = {isa = PBXFileReference; explicitFileType = wrapper.application; includeInIndex = 0; path = WebViewControllertest.app; sourceTree = BUILT_PRODUCTS_DIR; };
		D00953FF20CAFC3B0084FD97 /* AppDelegate.h */ = {isa = PBXFileReference; lastKnownFileType = sourcecode.c.h; path = AppDelegate.h; sourceTree = "<group>"; };
		D009540020CAFC3B0084FD97 /* AppDelegate.m */ = {isa = PBXFileReference; lastKnownFileType = sourcecode.c.objc; path = AppDelegate.m; sourceTree = "<group>"; };
		D009540220CAFC3B0084FD97 /* ViewController.h */ = {isa = PBXFileReference; lastKnownFileType = sourcecode.c.h; path = ViewController.h; sourceTree = "<group>"; };
		D009540320CAFC3B0084FD97 /* ViewController.m */ = {isa = PBXFileReference; lastKnownFileType = sourcecode.c.objc; path = ViewController.m; sourceTree = "<group>"; };
		D009540620CAFC3B0084FD97 /* Base */ = {isa = PBXFileReference; lastKnownFileType = file.storyboard; name = Base; path = Base.lproj/Main.storyboard; sourceTree = "<group>"; };
		D009540820CAFC3C0084FD97 /* Assets.xcassets */ = {isa = PBXFileReference; lastKnownFileType = folder.assetcatalog; path = Assets.xcassets; sourceTree = "<group>"; };
		D009540B20CAFC3C0084FD97 /* Base */ = {isa = PBXFileReference; lastKnownFileType = file.storyboard; name = Base; path = Base.lproj/LaunchScreen.storyboard; sourceTree = "<group>"; };
		D009540D20CAFC3C0084FD97 /* Info.plist */ = {isa = PBXFileReference; lastKnownFileType = text.plist.xml; path = Info.plist; sourceTree = "<group>"; };
		D009540E20CAFC3C0084FD97 /* main.m */ = {isa = PBXFileReference; lastKnownFileType = sourcecode.c.objc; path = main.m; sourceTree = "<group>"; };
		D009541620CAFC4D0084FD97 /* SafariServices.framework */ = {isa = PBXFileReference; lastKnownFileType = wrapper.framework; name = SafariServices.framework; path = System/Library/Frameworks/SafariServices.framework; sourceTree = SDKROOT; };
/* End PBXFileReference section */

/* Begin PBXFrameworksBuildPhase section */
		D00953F920CAFC3B0084FD97 /* Frameworks */ = {
			isa = PBXFrameworksBuildPhase;
			buildActionMask = 2147483647;
			files = (
				D009541720CAFC4D0084FD97 /* SafariServices.framework in Frameworks */,
			);
			runOnlyForDeploymentPostprocessing = 0;
		};
/* End PBXFrameworksBuildPhase section */

/* Begin PBXGroup section */
		D00953F320CAFC3B0084FD97 = {
			isa = PBXGroup;
			children = (
				D00953FE20CAFC3B0084FD97 /* WebViewControllertest */,
				D00953FD20CAFC3B0084FD97 /* Products */,
				D009541520CAFC4D0084FD97 /* Frameworks */,
			);
			sourceTree = "<group>";
		};
		D00953FD20CAFC3B0084FD97 /* Products */ = {
			isa = PBXGroup;
			children = (
				D00953FC20CAFC3B0084FD97 /* WebViewControllertest.app */,
			);
			name = Products;
			sourceTree = "<group>";
		};
		D00953FE20CAFC3B0084FD97 /* WebViewControllertest */ = {
			isa = PBXGroup;
			children = (
				D00953FF20CAFC3B0084FD97 /* AppDelegate.h */,
				D009540020CAFC3B0084FD97 /* AppDelegate.m */,
				D009540220CAFC3B0084FD97 /* ViewController.h */,
				D009540320CAFC3B0084FD97 /* ViewController.m */,
				D009540520CAFC3B0084FD97 /* Main.storyboard */,
				D009540820CAFC3C0084FD97 /* Assets.xcassets */,
				D009540A20CAFC3C0084FD97 /* LaunchScreen.storyboard */,
				D009540D20CAFC3C0084FD97 /* Info.plist */,
				D009540E20CAFC3C0084FD97 /* main.m */,
			);
			path = WebViewControllertest;
			sourceTree = "<group>";
		};
		D009541520CAFC4D0084FD97 /* Frameworks */ = {
			isa = PBXGroup;
			children = (
				D009541620CAFC4D0084FD97 /* SafariServices.framework */,
			);
			name = Frameworks;
			sourceTree = "<group>";
		};
/* End PBXGroup section */

/* Begin PBXNativeTarget section */
		D00953FB20CAFC3B0084FD97 /* WebViewControllertest */ = {
			isa = PBXNativeTarget;
			buildConfigurationList = D009541220CAFC3C0084FD97 /* Build configuration list for PBXNativeTarget "WebViewControllertest" */;
			buildPhases = (
				D00953F820CAFC3B0084FD97 /* Sources */,
				D00953F920CAFC3B0084FD97 /* Frameworks */,
				D00953FA20CAFC3B0084FD97 /* Resources */,
			);
			buildRules = (
			);
			dependencies = (
			);
			name = WebViewControllertest;
			productName = WebViewControllertest;
			productReference = D00953FC20CAFC3B0084FD97 /* WebViewControllertest.app */;
			productType = "com.apple.product-type.application";
		};
/* End PBXNativeTarget section */

/* Begin PBXProject section */
		D00953F420CAFC3B0084FD97 /* Project object */ = {
			isa = PBXProject;
			attributes = {
				LastUpgradeCheck = 0940;
				ORGANIZATIONNAME = "Siddesh Pillai";
				TargetAttributes = {
					D00953FB20CAFC3B0084FD97 = {
						CreatedOnToolsVersion = 9.4;
					};
				};
			};
			buildConfigurationList = D00953F720CAFC3B0084FD97 /* Build configuration list for PBXProject "WebViewControllertest" */;
			compatibilityVersion = "Xcode 9.3";
			developmentRegion = en;
			hasScannedForEncodings = 0;
			knownRegions = (
				en,
				Base,
			);
			mainGroup = D00953F320CAFC3B0084FD97;
			productRefGroup = D00953FD20CAFC3B0084FD97 /* Products */;
			projectDirPath = "";
			projectRoot = "";
			targets = (
				D00953FB20CAFC3B0084FD97 /* WebViewControllertest */,
			);
		};
/* End PBXProject section */

/* Begin PBXResourcesBuildPhase section */
		D00953FA20CAFC3B0084FD97 /* Resources */ = {
			isa = PBXResourcesBuildPhase;
			buildActionMask = 2147483647;
			files = (
				D009540C20CAFC3C0084FD97 /* LaunchScreen.storyboard in Resources */,
				D009540920CAFC3C0084FD97 /* Assets.xcassets in Resources */,
				D009540720CAFC3B0084FD97 /* Main.storyboard in Resources */,
			);
			runOnlyForDeploymentPostprocessing = 0;
		};
/* End PBXResourcesBuildPhase section */

/* Begin PBXSourcesBuildPhase section */
		D00953F820CAFC3B0084FD97 /* Sources */ = {
			isa = PBXSourcesBuildPhase;
			buildActionMask = 2147483647;
			files = (
				D009540420CAFC3B0084FD97 /* ViewController.m in Sources */,
				D009540F20CAFC3C0084FD97 /* main.m in Sources */,
				D009540120CAFC3B0084FD97 /* AppDelegate.m in Sources */,
			);
			runOnlyForDeploymentPostprocessing = 0;
		};
/* End PBXSourcesBuildPhase section */

/* Begin PBXVariantGroup section */
		D009540520CAFC3B0084FD97 /* Main.storyboard */ = {
			isa = PBXVariantGroup;
			children = (
				D009540620CAFC3B0084FD97 /* Base */,
			);
			name = Main.storyboard;
			sourceTree = "<group>";
		};
		D009540A20CAFC3C0084FD97 /* LaunchScreen.storyboard */ = {
			isa = PBXVariantGroup;
			children = (
				D009540B20CAFC3C0084FD97 /* Base */,
			);
			name = LaunchScreen.storyboard;
			sourceTree = "<group>";
		};
/* End PBXVariantGroup section */

/* Begin XCBuildConfiguration section */
		D009541020CAFC3C0084FD97 /* Debug */ = {
			isa = XCBuildConfiguration;
			buildSettings = {
				ALWAYS_SEARCH_USER_PATHS = NO;
				CLANG_ANALYZER_NONNULL = YES;
				CLANG_ANALYZER_NUMBER_OBJECT_CONVERSION = YES_AGGRESSIVE;
				CLANG_CXX_LANGUAGE_STANDARD = "gnu++14";
				CLANG_CXX_LIBRARY = "libc++";
				CLANG_ENABLE_MODULES = YES;
				CLANG_ENABLE_OBJC_ARC = YES;
				CLANG_ENABLE_OBJC_WEAK = YES;
				CLANG_WARN_BLOCK_CAPTURE_AUTORELEASING = YES;
				CLANG_WARN_BOOL_CONVERSION = YES;
				CLANG_WARN_COMMA = YES;
				CLANG_WARN_CONSTANT_CONVERSION = YES;
				CLANG_WARN_DEPRECATED_OBJC_IMPLEMENTATIONS = YES;
				CLANG_WARN_DIRECT_OBJC_ISA_USAGE = YES_ERROR;
				CLANG_WARN_DOCUMENTATION_COMMENTS = YES;
				CLANG_WARN_EMPTY_BODY = YES;
				CLANG_WARN_ENUM_CONVERSION = YES;
				CLANG_WARN_INFINITE_RECURSION = YES;
				CLANG_WARN_INT_CONVERSION = YES;
				CLANG_WARN_NON_LITERAL_NULL_CONVERSION = YES;
				CLANG_WARN_OBJC_IMPLICIT_RETAIN_SELF = YES;
				CLANG_WARN_OBJC_LITERAL_CONVERSION = YES;
				CLANG_WARN_OBJC_ROOT_CLASS = YES_ERROR;
				CLANG_WARN_RANGE_LOOP_ANALYSIS = YES;
				CLANG_WARN_STRICT_PROTOTYPES = YES;
				CLANG_WARN_SUSPICIOUS_MOVE = YES;
				CLANG_WARN_UNGUARDED_AVAILABILITY = YES_AGGRESSIVE;
				CLANG_WARN_UNREACHABLE_CODE = YES;
				CLANG_WARN__DUPLICATE_METHOD_MATCH = YES;
				CODE_SIGN_IDENTITY = "iPhone Developer";
				COPY_PHASE_STRIP = NO;
				DEBUG_INFORMATION_FORMAT = dwarf;
				ENABLE_STRICT_OBJC_MSGSEND = YES;
				ENABLE_TESTABILITY = YES;
				GCC_C_LANGUAGE_STANDARD = gnu11;
				GCC_DYNAMIC_NO_PIC = NO;
				GCC_NO_COMMON_BLOCKS = YES;
				GCC_OPTIMIZATION_LEVEL = 0;
				GCC_PREPROCESSOR_DEFINITIONS = (
					"DEBUG=1",
					"$(inherited)",
				);
				GCC_WARN_64_TO_32_BIT_CONVERSION = YES;
				GCC_WARN_ABOUT_RETURN_TYPE = YES_ERROR;
				GCC_WARN_UNDECLARED_SELECTOR = YES;
				GCC_WARN_UNINITIALIZED_AUTOS = YES_AGGRESSIVE;
				GCC_WARN_UNUSED_FUNCTION = YES;
				GCC_WARN_UNUSED_VARIABLE = YES;
				IPHONEOS_DEPLOYMENT_TARGET = 11.4;
				MTL_ENABLE_DEBUG_INFO = YES;
				ONLY_ACTIVE_ARCH = YES;
				SDKROOT = iphoneos;
			};
			name = Debug;
		};
		D009541120CAFC3C0084FD97 /* Release */ = {
			isa = XCBuildConfiguration;
			buildSettings = {
				ALWAYS_SEARCH_USER_PATHS = NO;
				CLANG_ANALYZER_NONNULL = YES;
				CLANG_ANALYZER_NUMBER_OBJECT_CONVERSION = YES_AGGRESSIVE;
				CLANG_CXX_LANGUAGE_STANDARD = "gnu++14";
				CLANG_CXX_LIBRARY = "libc++";
				CLANG_ENABLE_MODULES = YES;
				CLANG_ENABLE_OBJC_ARC = YES;
				CLANG_ENABLE_OBJC_WEAK = YES;
				CLANG_WARN_BLOCK_CAPTURE_AUTORELEASING = YES;
				CLANG_WARN_BOOL_CONVERSION = YES;
				CLANG_WARN_COMMA = YES;
				CLANG_WARN_CONSTANT_CONVERSION = YES;
				CLANG_WARN_DEPRECATED_OBJC_IMPLEMENTATIONS = YES;
				CLANG_WARN_DIRECT_OBJC_ISA_USAGE = YES_ERROR;
				CLANG_WARN_DOCUMENTATION_COMMENTS = YES;
				CLANG_WARN_EMPTY_BODY = YES;
				CLANG_WARN_ENUM_CONVERSION = YES;
				CLANG_WARN_INFINITE_RECURSION = YES;
				CLANG_WARN_INT_CONVERSION = YES;
				CLANG_WARN_NON_LITERAL_NULL_CONVERSION = YES;
				CLANG_WARN_OBJC_IMPLICIT_RETAIN_SELF = YES;
				CLANG_WARN_OBJC_LITERAL_CONVERSION = YES;
				CLANG_WARN_OBJC_ROOT_CLASS = YES_ERROR;
				CLANG_WARN_RANGE_LOOP_ANALYSIS = YES;
				CLANG_WARN_STRICT_PROTOTYPES = YES;
				CLANG_WARN_SUSPICIOUS_MOVE = YES;
				CLANG_WARN_UNGUARDED_AVAILABILITY = YES_AGGRESSIVE;
				CLANG_WARN_UNREACHABLE_CODE = YES;
				CLANG_WARN__DUPLICATE_METHOD_MATCH = YES;
				CODE_SIGN_IDENTITY = "iPhone Developer";
				COPY_PHASE_STRIP = NO;
				DEBUG_INFORMATION_FORMAT = "dwarf-with-dsym";
				ENABLE_NS_ASSERTIONS = NO;
				ENABLE_STRICT_OBJC_MSGSEND = YES;
				GCC_C_LANGUAGE_STANDARD = gnu11;
				GCC_NO_COMMON_BLOCKS = YES;
				GCC_WARN_64_TO_32_BIT_CONVERSION = YES;
				GCC_WARN_ABOUT_RETURN_TYPE = YES_ERROR;
				GCC_WARN_UNDECLARED_SELECTOR = YES;
				GCC_WARN_UNINITIALIZED_AUTOS = YES_AGGRESSIVE;
				GCC_WARN_UNUSED_FUNCTION = YES;
				GCC_WARN_UNUSED_VARIABLE = YES;
				IPHONEOS_DEPLOYMENT_TARGET = 11.4;
				MTL_ENABLE_DEBUG_INFO = NO;
				SDKROOT = iphoneos;
				VALIDATE_PRODUCT = YES;
			};
			name = Release;
		};
		D009541320CAFC3C0084FD97 /* Debug */ = {
			isa = XCBuildConfiguration;
			buildSettings = {
				ASSETCATALOG_COMPILER_APPICON_NAME = AppIcon;
				CODE_SIGN_STYLE = Automatic;
				DEVELOPMENT_TEAM = Z3P24W27MN;
				INFOPLIST_FILE = WebViewControllertest/Info.plist;
				IPHONEOS_DEPLOYMENT_TARGET = 11.2;
				LD_RUNPATH_SEARCH_PATHS = (
					"$(inherited)",
					"@executable_path/Frameworks",
				);
				PRODUCT_BUNDLE_IDENTIFIER = com.esri.plugins.WebViewControllertest;
				PRODUCT_NAME = "$(TARGET_NAME)";
				TARGETED_DEVICE_FAMILY = "1,2";
			};
			name = Debug;
		};
		D009541420CAFC3C0084FD97 /* Release */ = {
			isa = XCBuildConfiguration;
			buildSettings = {
				ASSETCATALOG_COMPILER_APPICON_NAME = AppIcon;
				CODE_SIGN_STYLE = Automatic;
				DEVELOPMENT_TEAM = Z3P24W27MN;
				INFOPLIST_FILE = WebViewControllertest/Info.plist;
				IPHONEOS_DEPLOYMENT_TARGET = 11.2;
				LD_RUNPATH_SEARCH_PATHS = (
					"$(inherited)",
					"@executable_path/Frameworks",
				);
				PRODUCT_BUNDLE_IDENTIFIER = com.esri.plugins.WebViewControllertest;
				PRODUCT_NAME = "$(TARGET_NAME)";
				TARGETED_DEVICE_FAMILY = "1,2";
			};
			name = Release;
		};
/* End XCBuildConfiguration section */

/* Begin XCConfigurationList section */
		D00953F720CAFC3B0084FD97 /* Build configuration list for PBXProject "WebViewControllertest" */ = {
			isa = XCConfigurationList;
			buildConfigurations = (
				D009541020CAFC3C0084FD97 /* Debug */,
				D009541120CAFC3C0084FD97 /* Release */,
			);
			defaultConfigurationIsVisible = 0;
			defaultConfigurationName = Release;
		};
		D009541220CAFC3C0084FD97 /* Build configuration list for PBXNativeTarget "WebViewControllertest" */ = {
			isa = XCConfigurationList;
			buildConfigurations = (
				D009541320CAFC3C0084FD97 /* Debug */,
				D009541420CAFC3C0084FD97 /* Release */,
			);
			defaultConfigurationIsVisible = 0;
			defaultConfigurationName = Release;
		};
/* End XCConfigurationList section */
	};
	rootObject = D00953F420CAFC3B0084FD97 /* Project object */;
}
